Microsoft Visual Studio Solution File, Format Version 12.00
# Visual Studio 2012
Project("{FAE04EC0-301F-11D3-BF4B-00C04F79EFBC}") = "bullet hell roguelite game", "bullet hell roguelite game.csproj", "{B908F194-8EB4-474D-88B4-FBB51F22361F}"
EndProject
Global
	GlobalSection(SolutionConfigurationPlatforms) = preSolution
	Debug|Any CPU = Debug|Any CPU
	ExportDebug|Any CPU = ExportDebug|Any CPU
	ExportRelease|Any CPU = ExportRelease|Any CPU
	EndGlobalSection
	GlobalSection(ProjectConfigurationPlatforms) = postSolution
		{B908F194-8EB4-474D-88B4-FBB51F22361F}.Debug|Any CPU.ActiveCfg = Debug|Any CPU
		{B908F194-8EB4-474D-88B4-FBB51F22361F}.Debug|Any CPU.Build.0 = Debug|Any CPU
		{B908F194-8EB4-474D-88B4-FBB51F22361F}.ExportDebug|Any CPU.ActiveCfg = ExportDebug|Any CPU
		{B908F194-8EB4-474D-88B4-FBB51F22361F}.ExportDebug|Any CPU.Build.0 = ExportDebug|Any CPU
		{B908F194-8EB4-474D-88B4-FBB51F22361F}.ExportRelease|Any CPU.ActiveCfg = ExportRelease|Any CPU
		{B908F194-8EB4-474D-88B4-FBB51F22361F}.ExportRelease|Any CPU.Build.0 = ExportRelease|Any CPU
	EndGlobalSection
EndGlobal
